{
  "name": "object_factory",
  "version": "0.0.0",
  "lockfileVersion": 1,
  "requires": true,
  "dependencies": {
    "bindings": {
      "version": "1.2.1",
      "resolved": "https://registry.npmjs.org/bindings/-/bindings-1.2.1.tgz",
      "integrity": "sha1-FK1hE4EtLTfXLme0ystLtyZQXxE="
    },
    "node-addon-api": {
      "version": "1.2.0",
      "resolved": "https://registry.npmjs.org/node-addon-api/-/node-addon-api-1.2.0.tgz",
      "integrity": "sha512-VDpTV5VK4kCqTfK5I7JAphXrL3txLbfshhjtscdYTuI4PkGvjWBFxNkctYdcRsMwgObyqVcm12tsiKZD76/d8g=="
    }
  }
}
